
Microsoft Visual Studio Solution File, Format Version 12.00
# Visual Studio 15
Project("{FAE04EC0-301F-11D3-BF4B-00C04F79EFBC}") = "Unity.Timeline", "Unity.Timeline.csproj", "{1A2EA772-2E18-4328-ADEA-2242C825B3F9}"
EndProject
Project("{FAE04EC0-301F-11D3-BF4B-00C04F79EFBC}") = "Unity.XR.Management", "Unity.XR.Management.csproj", "{87E90639-5396-90CF-F605-3724601C2356}"
EndProject
Project("{FAE04EC0-301F-11D3-BF4B-00C04F79EFBC}") = "Unity.VisualScripting.Flow", "Unity.VisualScripting.Flow.csproj", "{8A6CAA8E-6F24-E1EE-CCF9-53CF8F25FDD0}"
EndProject
Project("{FAE04EC0-301F-11D3-BF4B-00C04F79EFBC}") = "Unity.XR.Interaction.Toolkit", "Unity.XR.Interaction.Toolkit.csproj", "{2AED73C6-ADA8-F89A-706E-DA6EB8EC9E56}"
EndProject
Project("{FAE04EC0-301F-11D3-BF4B-00C04F79EFBC}") = "Unity.XR.CoreUtils.Editor", "Unity.XR.CoreUtils.Editor.csproj", "{4DB9D18D-C891-EBBC-43B2-327DD16E61AD}"
EndProject
Project("{FAE04EC0-301F-11D3-BF4B-00C04F79EFBC}") = "Unity.XR.Interaction.Toolkit.Editor", "Unity.XR.Interaction.Toolkit.Editor.csproj", "{3EF82762-A0E8-303D-113A-6D8AFD85B00C}"
EndProject
Project("{FAE04EC0-301F-11D3-BF4B-00C04F79EFBC}") = "Unity.Timeline.Editor", "Unity.Timeline.Editor.csproj", "{19AF9CCC-B959-6B8D-58EF-4F3C2CAC6688}"
EndProject
Project("{FAE04EC0-301F-11D3-BF4B-00C04F79EFBC}") = "SingularityGroup.HotReload.Runtime", "SingularityGroup.HotReload.Runtime.csproj", "{5B7899A7-9573-C37D-8D12-E005D9320CF6}"
EndProject
Project("{FAE04EC0-301F-11D3-BF4B-00C04F79EFBC}") = "Unity.PlasticSCM.Editor", "Unity.PlasticSCM.Editor.csproj", "{2F333CCD-8BDF-223F-A2CE-49124CFF68B5}"
EndProject
Project("{FAE04EC0-301F-11D3-BF4B-00C04F79EFBC}") = "Unity.Mathematics", "Unity.Mathematics.csproj", "{368762A2-3C39-6C0E-5F90-84BCCB1865EB}"
EndProject
Project("{FAE04EC0-301F-11D3-BF4B-00C04F79EFBC}") = "Unity.VisualScripting.Core.Editor", "Unity.VisualScripting.Core.Editor.csproj", "{2C544CFA-B895-6440-4915-2418801709A2}"
EndProject
Project("{FAE04EC0-301F-11D3-BF4B-00C04F79EFBC}") = "SingularityGroup.HotReload.Editor", "SingularityGroup.HotReload.Editor.csproj", "{6C9A4DBE-231C-E812-F11A-32ECA1A8C4CB}"
EndProject
Project("{FAE04EC0-301F-11D3-BF4B-00C04F79EFBC}") = "UnityEditor.TestRunner", "UnityEditor.TestRunner.csproj", "{48C540A1-1AB4-11F3-997A-E0CBAC6CEDF0}"
EndProject
Project("{FAE04EC0-301F-11D3-BF4B-00C04F79EFBC}") = "Unity.XR.CoreUtils", "Unity.XR.CoreUtils.csproj", "{183A72D4-96A4-6143-5825-71DA30FD9EF6}"
EndProject
Project("{FAE04EC0-301F-11D3-BF4B-00C04F79EFBC}") = "Unity.InputSystem", "Unity.InputSystem.csproj", "{FA9886F6-220B-00B3-37D1-50343C5767C4}"
EndProject
Project("{FAE04EC0-301F-11D3-BF4B-00C04F79EFBC}") = "Unity.TextMeshPro.Editor", "Unity.TextMeshPro.Editor.csproj", "{3393BD80-20B2-E00F-448C-0235A4D859BF}"
EndProject
Project("{FAE04EC0-301F-11D3-BF4B-00C04F79EFBC}") = "Unity.VisualScripting.Flow.Editor", "Unity.VisualScripting.Flow.Editor.csproj", "{8362BB4D-9389-9BD5-7ADA-6B072187520B}"
EndProject
Project("{FAE04EC0-301F-11D3-BF4B-00C04F79EFBC}") = "UnityEngine.TestRunner", "UnityEngine.TestRunner.csproj", "{B60D99DA-E04D-077B-9F2F-F1C6F416D2B7}"
EndProject
Project("{FAE04EC0-301F-11D3-BF4B-00C04F79EFBC}") = "Unity.VisualScripting.Core", "Unity.VisualScripting.Core.csproj", "{72DAAD5E-7155-9FE8-42CA-4FADB3F0ADF6}"
EndProject
Project("{FAE04EC0-301F-11D3-BF4B-00C04F79EFBC}") = "Unity.Searcher.Editor", "Unity.Searcher.Editor.csproj", "{4ED4DDB2-3442-F91E-3037-0C5D3B2C6262}"
EndProject
Project("{FAE04EC0-301F-11D3-BF4B-00C04F79EFBC}") = "Unity.XR.Oculus", "Unity.XR.Oculus.csproj", "{8CC9ACEB-8D5C-7520-D8D7-98A704167234}"
EndProject
Project("{FAE04EC0-301F-11D3-BF4B-00C04F79EFBC}") = "Unity.VisualStudio.Editor", "Unity.VisualStudio.Editor.csproj", "{25DF778D-41E8-899F-31C1-98F6439E3E03}"
EndProject
Project("{FAE04EC0-301F-11D3-BF4B-00C04F79EFBC}") = "Unity.XR.Oculus.Editor", "Unity.XR.Oculus.Editor.csproj", "{9547CE93-45CD-BAF5-F30D-9D5B4D76EC30}"
EndProject
Project("{FAE04EC0-301F-11D3-BF4B-00C04F79EFBC}") = "Unity.XR.Hands", "Unity.XR.Hands.csproj", "{6008EB97-0EA1-F33B-8155-8FD69D910A5E}"
EndProject
Project("{FAE04EC0-301F-11D3-BF4B-00C04F79EFBC}") = "Unity.TestTools.CodeCoverage.Editor.OpenCover.Model", "Unity.TestTools.CodeCoverage.Editor.OpenCover.Model.csproj", "{9EC4AAE6-CAEE-4C4C-5BBA-A4BEF0843CD3}"
EndProject
Project("{FAE04EC0-301F-11D3-BF4B-00C04F79EFBC}") = "Unity.Rider.Editor", "Unity.Rider.Editor.csproj", "{E0A3473F-3F70-93E4-0C33-255D781B2CFD}"
EndProject
Project("{FAE04EC0-301F-11D3-BF4B-00C04F79EFBC}") = "Unity.VisualScripting.State.Editor", "Unity.VisualScripting.State.Editor.csproj", "{3500143E-DB25-38E7-192D-5450FC6E1047}"
EndProject
Project("{FAE04EC0-301F-11D3-BF4B-00C04F79EFBC}") = "Unity.TestTools.CodeCoverage.Editor", "Unity.TestTools.CodeCoverage.Editor.csproj", "{5F930A96-987B-C508-58DD-7764A29D49EE}"
EndProject
Project("{FAE04EC0-301F-11D3-BF4B-00C04F79EFBC}") = "Unity.Postprocessing.Runtime", "Unity.Postprocessing.Runtime.csproj", "{08D48432-CE34-4068-6E89-3684388E8DE3}"
EndProject
Project("{FAE04EC0-301F-11D3-BF4B-00C04F79EFBC}") = "Unity.Postprocessing.Editor", "Unity.Postprocessing.Editor.csproj", "{99C4E858-B82A-2129-A2C5-FEF95FAC1B7E}"
EndProject
Project("{FAE04EC0-301F-11D3-BF4B-00C04F79EFBC}") = "Unity.VisualScripting.State", "Unity.VisualScripting.State.csproj", "{0CB60C9E-7EC9-DFA2-78DB-55DBA51711E0}"
EndProject
Project("{FAE04EC0-301F-11D3-BF4B-00C04F79EFBC}") = "Unity.TextMeshPro", "Unity.TextMeshPro.csproj", "{989A6C55-D6BD-5AAE-E3A9-827F84ACBD68}"
EndProject
Project("{FAE04EC0-301F-11D3-BF4B-00C04F79EFBC}") = "Unity.XR.Management.Editor", "Unity.XR.Management.Editor.csproj", "{620902B6-E310-4345-91CE-821C63F63478}"
EndProject
Project("{FAE04EC0-301F-11D3-BF4B-00C04F79EFBC}") = "Unity.Performance.Profile-Analyzer.Editor", "Unity.Performance.Profile-Analyzer.Editor.csproj", "{FE92DB17-EA75-94ED-3989-E01001A4CA90}"
EndProject
Project("{FAE04EC0-301F-11D3-BF4B-00C04F79EFBC}") = "Unity.VisualScripting.SettingsProvider.Editor", "Unity.VisualScripting.SettingsProvider.Editor.csproj", "{3A8510CF-7338-DF9D-1F9D-B16FAE02EF20}"
EndProject
Project("{FAE04EC0-301F-11D3-BF4B-00C04F79EFBC}") = "Unity.VSCode.Editor", "Unity.VSCode.Editor.csproj", "{C685037C-6638-FE29-D1EA-BD4E02E8E41C}"
EndProject
Project("{FAE04EC0-301F-11D3-BF4B-00C04F79EFBC}") = "Unity.TestTools.CodeCoverage.Editor.OpenCover.Mono.Reflection", "Unity.TestTools.CodeCoverage.Editor.OpenCover.Mono.Reflection.csproj", "{7306DA1A-0927-DF22-5173-3BC034A0F914}"
EndProject
Project("{FAE04EC0-301F-11D3-BF4B-00C04F79EFBC}") = "Unity.XR.Interaction.Toolkit.Samples.Hands", "Unity.XR.Interaction.Toolkit.Samples.Hands.csproj", "{CE7C50DC-5A45-858B-F734-EFED7EBFE0D4}"
EndProject
Project("{FAE04EC0-301F-11D3-BF4B-00C04F79EFBC}") = "Unity.XR.Management.Samples", "Unity.XR.Management.Samples.csproj", "{73542355-EAAB-BC0C-C19F-7969DAC64001}"
EndProject
Project("{FAE04EC0-301F-11D3-BF4B-00C04F79EFBC}") = "Unity.Settings.Editor", "Unity.Settings.Editor.csproj", "{1825E8C6-25E4-92BB-6B9A-48E18A24C612}"
EndProject
Project("{FAE04EC0-301F-11D3-BF4B-00C04F79EFBC}") = "UnityEngine.SpatialTracking", "UnityEngine.SpatialTracking.csproj", "{BA382FC1-D2DE-0A3D-2884-0A590F08D709}"
EndProject
Project("{FAE04EC0-301F-11D3-BF4B-00C04F79EFBC}") = "Unity.XR.Interaction.Toolkit.Samples.DeviceSimulator", "Unity.XR.Interaction.Toolkit.Samples.DeviceSimulator.csproj", "{415D57C0-EC6D-CEA1-100F-8BBB7A230AFB}"
EndProject
Project("{FAE04EC0-301F-11D3-BF4B-00C04F79EFBC}") = "Unity.XR.Interaction.Toolkit.Samples.StarterAssets", "Unity.XR.Interaction.Toolkit.Samples.StarterAssets.csproj", "{367E1D0A-4718-A84C-25FC-565C977FF07B}"
EndProject
Project("{FAE04EC0-301F-11D3-BF4B-00C04F79EFBC}") = "Assembly-CSharp", "Assembly-CSharp.csproj", "{929317F9-8DDD-8317-AC57-44D5352553B7}"
EndProject
Project("{FAE04EC0-301F-11D3-BF4B-00C04F79EFBC}") = "Unity.InputSystem.ForUI", "Unity.InputSystem.ForUI.csproj", "{0642B7B1-AF1D-17FC-4A40-A49617E6DD2D}"
EndProject
Project("{FAE04EC0-301F-11D3-BF4B-00C04F79EFBC}") = "Unity.Mathematics.Editor", "Unity.Mathematics.Editor.csproj", "{0E60D71B-265F-265D-93F1-7C559224E665}"
EndProject
Project("{FAE04EC0-301F-11D3-BF4B-00C04F79EFBC}") = "Unity.XR.Management.Samples.Editor", "Unity.XR.Management.Samples.Editor.csproj", "{EA270288-155B-4539-9B9F-C39E6C6333DB}"
EndProject
Project("{FAE04EC0-301F-11D3-BF4B-00C04F79EFBC}") = "SingularityGroup.HotReload.Runtime.Public", "SingularityGroup.HotReload.Runtime.Public.csproj", "{E715F76C-E3FB-F727-EA72-FFD55566E918}"
EndProject
Project("{FAE04EC0-301F-11D3-BF4B-00C04F79EFBC}") = "Unity.XR.Hands.Samples.VisualizerSample", "Unity.XR.Hands.Samples.VisualizerSample.csproj", "{C7F2AA39-8715-2182-A5B9-04D5255B8DC4}"
EndProject
Project("{FAE04EC0-301F-11D3-BF4B-00C04F79EFBC}") = "Unity.XR.Hands.Editor", "Unity.XR.Hands.Editor.csproj", "{9855CC16-D067-BCB8-AF14-6E34FFC2F130}"
EndProject
Project("{FAE04EC0-301F-11D3-BF4B-00C04F79EFBC}") = "UnityEditor.SpatialTracking", "UnityEditor.SpatialTracking.csproj", "{EDCF46A2-33F1-D1F3-A351-67817635B793}"
EndProject
Project("{FAE04EC0-301F-11D3-BF4B-00C04F79EFBC}") = "Unity.InputSystem.TestFramework", "Unity.InputSystem.TestFramework.csproj", "{800F5511-ACCC-BE87-982D-BA3AC32F1A57}"
EndProject
Project("{FAE04EC0-301F-11D3-BF4B-00C04F79EFBC}") = "UnityEditor.XR.LegacyInputHelpers", "UnityEditor.XR.LegacyInputHelpers.csproj", "{CF49BCFF-1B1E-785E-8769-38E25CB887C1}"
EndProject
Project("{FAE04EC0-301F-11D3-BF4B-00C04F79EFBC}") = "Unity.VisualScripting.Shared.Editor", "Unity.VisualScripting.Shared.Editor.csproj", "{1FFCE938-C96F-F327-67B2-EB9CE7DC2486}"
EndProject
Project("{FAE04EC0-301F-11D3-BF4B-00C04F79EFBC}") = "Unity.EditorCoroutines.Editor", "Unity.EditorCoroutines.Editor.csproj", "{D4AFB388-B2F2-5277-CFD9-F49549751431}"
EndProject
Project("{FAE04EC0-301F-11D3-BF4B-00C04F79EFBC}") = "UnityEngine.XR.LegacyInputHelpers", "UnityEngine.XR.LegacyInputHelpers.csproj", "{7C5F3D23-1791-6A4B-8052-20BB06AF9121}"
EndProject
Project("{FAE04EC0-301F-11D3-BF4B-00C04F79EFBC}") = "Unity.XR.Interaction.Toolkit.Samples.Hands.Editor", "Unity.XR.Interaction.Toolkit.Samples.Hands.Editor.csproj", "{77A267D9-87C1-9D65-54AF-8ABCAFD2A796}"
EndProject
Project("{FAE04EC0-301F-11D3-BF4B-00C04F79EFBC}") = "Assembly-CSharp-Editor", "Assembly-CSharp-Editor.csproj", "{73187048-9C36-8FD1-EE2A-7758832B8EE3}"
EndProject
Project("{FAE04EC0-301F-11D3-BF4B-00C04F79EFBC}") = "Unity.CollabProxy.Editor", "Unity.CollabProxy.Editor.csproj", "{85F45075-237E-057B-1116-6E5FB80FF03A}"
EndProject
Project("{FAE04EC0-301F-11D3-BF4B-00C04F79EFBC}") = "Unity.XR.Interaction.Toolkit.Samples.StarterAssets.Editor", "Unity.XR.Interaction.Toolkit.Samples.StarterAssets.Editor.csproj", "{427B0B1D-30AF-2E36-71E4-C9FEB7C41E7F}"
EndProject

Global
	GlobalSection(SolutionConfigurationPlatforms) = preSolution
		Debug|Any CPU = Debug|Any CPU
		Release|Any CPU = Release|Any CPU
	EndGlobalSection
	GlobalSection(ProjectConfigurationPlatforms) = postSolution
		{1A2EA772-2E18-4328-ADEA-2242C825B3F9}.Debug|Any CPU.ActiveCfg = Debug|Any CPU
		{1A2EA772-2E18-4328-ADEA-2242C825B3F9}.Debug|Any CPU.Build.0 = Debug|Any CPU
		{1A2EA772-2E18-4328-ADEA-2242C825B3F9}.Release|Any CPU.ActiveCfg = Release|Any CPU
		{1A2EA772-2E18-4328-ADEA-2242C825B3F9}.Release|Any CPU.Build.0 = Release|Any CPU
		{87E90639-5396-90CF-F605-3724601C2356}.Debug|Any CPU.ActiveCfg = Debug|Any CPU
		{87E90639-5396-90CF-F605-3724601C2356}.Debug|Any CPU.Build.0 = Debug|Any CPU
		{87E90639-5396-90CF-F605-3724601C2356}.Release|Any CPU.ActiveCfg = Release|Any CPU
		{87E90639-5396-90CF-F605-3724601C2356}.Release|Any CPU.Build.0 = Release|Any CPU
		{8A6CAA8E-6F24-E1EE-CCF9-53CF8F25FDD0}.Debug|Any CPU.ActiveCfg = Debug|Any CPU
		{8A6CAA8E-6F24-E1EE-CCF9-53CF8F25FDD0}.Debug|Any CPU.Build.0 = Debug|Any CPU
		{8A6CAA8E-6F24-E1EE-CCF9-53CF8F25FDD0}.Release|Any CPU.ActiveCfg = Release|Any CPU
		{8A6CAA8E-6F24-E1EE-CCF9-53CF8F25FDD0}.Release|Any CPU.Build.0 = Release|Any CPU
		{2AED73C6-ADA8-F89A-706E-DA6EB8EC9E56}.Debug|Any CPU.ActiveCfg = Debug|Any CPU
		{2AED73C6-ADA8-F89A-706E-DA6EB8EC9E56}.Debug|Any CPU.Build.0 = Debug|Any CPU
		{2AED73C6-ADA8-F89A-706E-DA6EB8EC9E56}.Release|Any CPU.ActiveCfg = Release|Any CPU
		{2AED73C6-ADA8-F89A-706E-DA6EB8EC9E56}.Release|Any CPU.Build.0 = Release|Any CPU
		{4DB9D18D-C891-EBBC-43B2-327DD16E61AD}.Debug|Any CPU.ActiveCfg = Debug|Any CPU
		{4DB9D18D-C891-EBBC-43B2-327DD16E61AD}.Debug|Any CPU.Build.0 = Debug|Any CPU
		{4DB9D18D-C891-EBBC-43B2-327DD16E61AD}.Release|Any CPU.ActiveCfg = Release|Any CPU
		{4DB9D18D-C891-EBBC-43B2-327DD16E61AD}.Release|Any CPU.Build.0 = Release|Any CPU
		{3EF82762-A0E8-303D-113A-6D8AFD85B00C}.Debug|Any CPU.ActiveCfg = Debug|Any CPU
		{3EF82762-A0E8-303D-113A-6D8AFD85B00C}.Debug|Any CPU.Build.0 = Debug|Any CPU
		{3EF82762-A0E8-303D-113A-6D8AFD85B00C}.Release|Any CPU.ActiveCfg = Release|Any CPU
		{3EF82762-A0E8-303D-113A-6D8AFD85B00C}.Release|Any CPU.Build.0 = Release|Any CPU
		{19AF9CCC-B959-6B8D-58EF-4F3C2CAC6688}.Debug|Any CPU.ActiveCfg = Debug|Any CPU
		{19AF9CCC-B959-6B8D-58EF-4F3C2CAC6688}.Debug|Any CPU.Build.0 = Debug|Any CPU
		{19AF9CCC-B959-6B8D-58EF-4F3C2CAC6688}.Release|Any CPU.ActiveCfg = Release|Any CPU
		{19AF9CCC-B959-6B8D-58EF-4F3C2CAC6688}.Release|Any CPU.Build.0 = Release|Any CPU
		{5B7899A7-9573-C37D-8D12-E005D9320CF6}.Debug|Any CPU.ActiveCfg = Debug|Any CPU
		{5B7899A7-9573-C37D-8D12-E005D9320CF6}.Debug|Any CPU.Build.0 = Debug|Any CPU
		{5B7899A7-9573-C37D-8D12-E005D9320CF6}.Release|Any CPU.ActiveCfg = Release|Any CPU
		{5B7899A7-9573-C37D-8D12-E005D9320CF6}.Release|Any CPU.Build.0 = Release|Any CPU
		{2F333CCD-8BDF-223F-A2CE-49124CFF68B5}.Debug|Any CPU.ActiveCfg = Debug|Any CPU
		{2F333CCD-8BDF-223F-A2CE-49124CFF68B5}.Debug|Any CPU.Build.0 = Debug|Any CPU
		{2F333CCD-8BDF-223F-A2CE-49124CFF68B5}.Release|Any CPU.ActiveCfg = Release|Any CPU
		{2F333CCD-8BDF-223F-A2CE-49124CFF68B5}.Release|Any CPU.Build.0 = Release|Any CPU
		{368762A2-3C39-6C0E-5F90-84BCCB1865EB}.Debug|Any CPU.ActiveCfg = Debug|Any CPU
		{368762A2-3C39-6C0E-5F90-84BCCB1865EB}.Debug|Any CPU.Build.0 = Debug|Any CPU
		{368762A2-3C39-6C0E-5F90-84BCCB1865EB}.Release|Any CPU.ActiveCfg = Release|Any CPU
		{368762A2-3C39-6C0E-5F90-84BCCB1865EB}.Release|Any CPU.Build.0 = Release|Any CPU
		{2C544CFA-B895-6440-4915-2418801709A2}.Debug|Any CPU.ActiveCfg = Debug|Any CPU
		{2C544CFA-B895-6440-4915-2418801709A2}.Debug|Any CPU.Build.0 = Debug|Any CPU
		{2C544CFA-B895-6440-4915-2418801709A2}.Release|Any CPU.ActiveCfg = Release|Any CPU
		{2C544CFA-B895-6440-4915-2418801709A2}.Release|Any CPU.Build.0 = Release|Any CPU
		{6C9A4DBE-231C-E812-F11A-32ECA1A8C4CB}.Debug|Any CPU.ActiveCfg = Debug|Any CPU
		{6C9A4DBE-231C-E812-F11A-32ECA1A8C4CB}.Debug|Any CPU.Build.0 = Debug|Any CPU
		{6C9A4DBE-231C-E812-F11A-32ECA1A8C4CB}.Release|Any CPU.ActiveCfg = Release|Any CPU
		{6C9A4DBE-231C-E812-F11A-32ECA1A8C4CB}.Release|Any CPU.Build.0 = Release|Any CPU
		{48C540A1-1AB4-11F3-997A-E0CBAC6CEDF0}.Debug|Any CPU.ActiveCfg = Debug|Any CPU
		{48C540A1-1AB4-11F3-997A-E0CBAC6CEDF0}.Debug|Any CPU.Build.0 = Debug|Any CPU
		{48C540A1-1AB4-11F3-997A-E0CBAC6CEDF0}.Release|Any CPU.ActiveCfg = Release|Any CPU
		{48C540A1-1AB4-11F3-997A-E0CBAC6CEDF0}.Release|Any CPU.Build.0 = Release|Any CPU
		{183A72D4-96A4-6143-5825-71DA30FD9EF6}.Debug|Any CPU.ActiveCfg = Debug|Any CPU
		{183A72D4-96A4-6143-5825-71DA30FD9EF6}.Debug|Any CPU.Build.0 = Debug|Any CPU
		{183A72D4-96A4-6143-5825-71DA30FD9EF6}.Release|Any CPU.ActiveCfg = Release|Any CPU
		{183A72D4-96A4-6143-5825-71DA30FD9EF6}.Release|Any CPU.Build.0 = Release|Any CPU
		{FA9886F6-220B-00B3-37D1-50343C5767C4}.Debug|Any CPU.ActiveCfg = Debug|Any CPU
		{FA9886F6-220B-00B3-37D1-50343C5767C4}.Debug|Any CPU.Build.0 = Debug|Any CPU
		{FA9886F6-220B-00B3-37D1-50343C5767C4}.Release|Any CPU.ActiveCfg = Release|Any CPU
		{FA9886F6-220B-00B3-37D1-50343C5767C4}.Release|Any CPU.Build.0 = Release|Any CPU
		{3393BD80-20B2-E00F-448C-0235A4D859BF}.Debug|Any CPU.ActiveCfg = Debug|Any CPU
		{3393BD80-20B2-E00F-448C-0235A4D859BF}.Debug|Any CPU.Build.0 = Debug|Any CPU
		{3393BD80-20B2-E00F-448C-0235A4D859BF}.Release|Any CPU.ActiveCfg = Release|Any CPU
		{3393BD80-20B2-E00F-448C-0235A4D859BF}.Release|Any CPU.Build.0 = Release|Any CPU
		{8362BB4D-9389-9BD5-7ADA-6B072187520B}.Debug|Any CPU.ActiveCfg = Debug|Any CPU
		{8362BB4D-9389-9BD5-7ADA-6B072187520B}.Debug|Any CPU.Build.0 = Debug|Any CPU
		{8362BB4D-9389-9BD5-7ADA-6B072187520B}.Release|Any CPU.ActiveCfg = Release|Any CPU
		{8362BB4D-9389-9BD5-7ADA-6B072187520B}.Release|Any CPU.Build.0 = Release|Any CPU
		{B60D99DA-E04D-077B-9F2F-F1C6F416D2B7}.Debug|Any CPU.ActiveCfg = Debug|Any CPU
		{B60D99DA-E04D-077B-9F2F-F1C6F416D2B7}.Debug|Any CPU.Build.0 = Debug|Any CPU
		{B60D99DA-E04D-077B-9F2F-F1C6F416D2B7}.Release|Any CPU.ActiveCfg = Release|Any CPU
		{B60D99DA-E04D-077B-9F2F-F1C6F416D2B7}.Release|Any CPU.Build.0 = Release|Any CPU
		{72DAAD5E-7155-9FE8-42CA-4FADB3F0ADF6}.Debug|Any CPU.ActiveCfg = Debug|Any CPU
		{72DAAD5E-7155-9FE8-42CA-4FADB3F0ADF6}.Debug|Any CPU.Build.0 = Debug|Any CPU
		{72DAAD5E-7155-9FE8-42CA-4FADB3F0ADF6}.Release|Any CPU.ActiveCfg = Release|Any CPU
		{72DAAD5E-7155-9FE8-42CA-4FADB3F0ADF6}.Release|Any CPU.Build.0 = Release|Any CPU
		{4ED4DDB2-3442-F91E-3037-0C5D3B2C6262}.Debug|Any CPU.ActiveCfg = Debug|Any CPU
		{4ED4DDB2-3442-F91E-3037-0C5D3B2C6262}.Debug|Any CPU.Build.0 = Debug|Any CPU
		{4ED4DDB2-3442-F91E-3037-0C5D3B2C6262}.Release|Any CPU.ActiveCfg = Release|Any CPU
		{4ED4DDB2-3442-F91E-3037-0C5D3B2C6262}.Release|Any CPU.Build.0 = Release|Any CPU
		{8CC9ACEB-8D5C-7520-D8D7-98A704167234}.Debug|Any CPU.ActiveCfg = Debug|Any CPU
		{8CC9ACEB-8D5C-7520-D8D7-98A704167234}.Debug|Any CPU.Build.0 = Debug|Any CPU
		{8CC9ACEB-8D5C-7520-D8D7-98A704167234}.Release|Any CPU.ActiveCfg = Release|Any CPU
		{8CC9ACEB-8D5C-7520-D8D7-98A704167234}.Release|Any CPU.Build.0 = Release|Any CPU
		{25DF778D-41E8-899F-31C1-98F6439E3E03}.Debug|Any CPU.ActiveCfg = Debug|Any CPU
		{25DF778D-41E8-899F-31C1-98F6439E3E03}.Debug|Any CPU.Build.0 = Debug|Any CPU
		{25DF778D-41E8-899F-31C1-98F6439E3E03}.Release|Any CPU.ActiveCfg = Release|Any CPU
		{25DF778D-41E8-899F-31C1-98F6439E3E03}.Release|Any CPU.Build.0 = Release|Any CPU
		{9547CE93-45CD-BAF5-F30D-9D5B4D76EC30}.Debug|Any CPU.ActiveCfg = Debug|Any CPU
		{9547CE93-45CD-BAF5-F30D-9D5B4D76EC30}.Debug|Any CPU.Build.0 = Debug|Any CPU
		{9547CE93-45CD-BAF5-F30D-9D5B4D76EC30}.Release|Any CPU.ActiveCfg = Release|Any CPU
		{9547CE93-45CD-BAF5-F30D-9D5B4D76EC30}.Release|Any CPU.Build.0 = Release|Any CPU
		{6008EB97-0EA1-F33B-8155-8FD69D910A5E}.Debug|Any CPU.ActiveCfg = Debug|Any CPU
		{6008EB97-0EA1-F33B-8155-8FD69D910A5E}.Debug|Any CPU.Build.0 = Debug|Any CPU
		{6008EB97-0EA1-F33B-8155-8FD69D910A5E}.Release|Any CPU.ActiveCfg = Release|Any CPU
		{6008EB97-0EA1-F33B-8155-8FD69D910A5E}.Release|Any CPU.Build.0 = Release|Any CPU
		{9EC4AAE6-CAEE-4C4C-5BBA-A4BEF0843CD3}.Debug|Any CPU.ActiveCfg = Debug|Any CPU
		{9EC4AAE6-CAEE-4C4C-5BBA-A4BEF0843CD3}.Debug|Any CPU.Build.0 = Debug|Any CPU
		{9EC4AAE6-CAEE-4C4C-5BBA-A4BEF0843CD3}.Release|Any CPU.ActiveCfg = Release|Any CPU
		{9EC4AAE6-CAEE-4C4C-5BBA-A4BEF0843CD3}.Release|Any CPU.Build.0 = Release|Any CPU
		{E0A3473F-3F70-93E4-0C33-255D781B2CFD}.Debug|Any CPU.ActiveCfg = Debug|Any CPU
		{E0A3473F-3F70-93E4-0C33-255D781B2CFD}.Debug|Any CPU.Build.0 = Debug|Any CPU
		{E0A3473F-3F70-93E4-0C33-255D781B2CFD}.Release|Any CPU.ActiveCfg = Release|Any CPU
		{E0A3473F-3F70-93E4-0C33-255D781B2CFD}.Release|Any CPU.Build.0 = Release|Any CPU
		{3500143E-DB25-38E7-192D-5450FC6E1047}.Debug|Any CPU.ActiveCfg = Debug|Any CPU
		{3500143E-DB25-38E7-192D-5450FC6E1047}.Debug|Any CPU.Build.0 = Debug|Any CPU
		{3500143E-DB25-38E7-192D-5450FC6E1047}.Release|Any CPU.ActiveCfg = Release|Any CPU
		{3500143E-DB25-38E7-192D-5450FC6E1047}.Release|Any CPU.Build.0 = Release|Any CPU
		{5F930A96-987B-C508-58DD-7764A29D49EE}.Debug|Any CPU.ActiveCfg = Debug|Any CPU
		{5F930A96-987B-C508-58DD-7764A29D49EE}.Debug|Any CPU.Build.0 = Debug|Any CPU
		{5F930A96-987B-C508-58DD-7764A29D49EE}.Release|Any CPU.ActiveCfg = Release|Any CPU
		{5F930A96-987B-C508-58DD-7764A29D49EE}.Release|Any CPU.Build.0 = Release|Any CPU
		{08D48432-CE34-4068-6E89-3684388E8DE3}.Debug|Any CPU.ActiveCfg = Debug|Any CPU
		{08D48432-CE34-4068-6E89-3684388E8DE3}.Debug|Any CPU.Build.0 = Debug|Any CPU
		{08D48432-CE34-4068-6E89-3684388E8DE3}.Release|Any CPU.ActiveCfg = Release|Any CPU
		{08D48432-CE34-4068-6E89-3684388E8DE3}.Release|Any CPU.Build.0 = Release|Any CPU
		{99C4E858-B82A-2129-A2C5-FEF95FAC1B7E}.Debug|Any CPU.ActiveCfg = Debug|Any CPU
		{99C4E858-B82A-2129-A2C5-FEF95FAC1B7E}.Debug|Any CPU.Build.0 = Debug|Any CPU
		{99C4E858-B82A-2129-A2C5-FEF95FAC1B7E}.Release|Any CPU.ActiveCfg = Release|Any CPU
		{99C4E858-B82A-2129-A2C5-FEF95FAC1B7E}.Release|Any CPU.Build.0 = Release|Any CPU
		{0CB60C9E-7EC9-DFA2-78DB-55DBA51711E0}.Debug|Any CPU.ActiveCfg = Debug|Any CPU
		{0CB60C9E-7EC9-DFA2-78DB-55DBA51711E0}.Debug|Any CPU.Build.0 = Debug|Any CPU
		{0CB60C9E-7EC9-DFA2-78DB-55DBA51711E0}.Release|Any CPU.ActiveCfg = Release|Any CPU
		{0CB60C9E-7EC9-DFA2-78DB-55DBA51711E0}.Release|Any CPU.Build.0 = Release|Any CPU
		{989A6C55-D6BD-5AAE-E3A9-827F84ACBD68}.Debug|Any CPU.ActiveCfg = Debug|Any CPU
		{989A6C55-D6BD-5AAE-E3A9-827F84ACBD68}.Debug|Any CPU.Build.0 = Debug|Any CPU
		{989A6C55-D6BD-5AAE-E3A9-827F84ACBD68}.Release|Any CPU.ActiveCfg = Release|Any CPU
		{989A6C55-D6BD-5AAE-E3A9-827F84ACBD68}.Release|Any CPU.Build.0 = Release|Any CPU
		{620902B6-E310-4345-91CE-821C63F63478}.Debug|Any CPU.ActiveCfg = Debug|Any CPU
		{620902B6-E310-4345-91CE-821C63F63478}.Debug|Any CPU.Build.0 = Debug|Any CPU
		{620902B6-E310-4345-91CE-821C63F63478}.Release|Any CPU.ActiveCfg = Release|Any CPU
		{620902B6-E310-4345-91CE-821C63F63478}.Release|Any CPU.Build.0 = Release|Any CPU
		{FE92DB17-EA75-94ED-3989-E01001A4CA90}.Debug|Any CPU.ActiveCfg = Debug|Any CPU
		{FE92DB17-EA75-94ED-3989-E01001A4CA90}.Debug|Any CPU.Build.0 = Debug|Any CPU
		{FE92DB17-EA75-94ED-3989-E01001A4CA90}.Release|Any CPU.ActiveCfg = Release|Any CPU
		{FE92DB17-EA75-94ED-3989-E01001A4CA90}.Release|Any CPU.Build.0 = Release|Any CPU
		{3A8510CF-7338-DF9D-1F9D-B16FAE02EF20}.Debug|Any CPU.ActiveCfg = Debug|Any CPU
		{3A8510CF-7338-DF9D-1F9D-B16FAE02EF20}.Debug|Any CPU.Build.0 = Debug|Any CPU
		{3A8510CF-7338-DF9D-1F9D-B16FAE02EF20}.Release|Any CPU.ActiveCfg = Release|Any CPU
		{3A8510CF-7338-DF9D-1F9D-B16FAE02EF20}.Release|Any CPU.Build.0 = Release|Any CPU
		{C685037C-6638-FE29-D1EA-BD4E02E8E41C}.Debug|Any CPU.ActiveCfg = Debug|Any CPU
		{C685037C-6638-FE29-D1EA-BD4E02E8E41C}.Debug|Any CPU.Build.0 = Debug|Any CPU
		{C685037C-6638-FE29-D1EA-BD4E02E8E41C}.Release|Any CPU.ActiveCfg = Release|Any CPU
		{C685037C-6638-FE29-D1EA-BD4E02E8E41C}.Release|Any CPU.Build.0 = Release|Any CPU
		{7306DA1A-0927-DF22-5173-3BC034A0F914}.Debug|Any CPU.ActiveCfg = Debug|Any CPU
		{7306DA1A-0927-DF22-5173-3BC034A0F914}.Debug|Any CPU.Build.0 = Debug|Any CPU
		{7306DA1A-0927-DF22-5173-3BC034A0F914}.Release|Any CPU.ActiveCfg = Release|Any CPU
		{7306DA1A-0927-DF22-5173-3BC034A0F914}.Release|Any CPU.Build.0 = Release|Any CPU
		{CE7C50DC-5A45-858B-F734-EFED7EBFE0D4}.Debug|Any CPU.ActiveCfg = Debug|Any CPU
		{CE7C50DC-5A45-858B-F734-EFED7EBFE0D4}.Debug|Any CPU.Build.0 = Debug|Any CPU
		{CE7C50DC-5A45-858B-F734-EFED7EBFE0D4}.Release|Any CPU.ActiveCfg = Release|Any CPU
		{CE7C50DC-5A45-858B-F734-EFED7EBFE0D4}.Release|Any CPU.Build.0 = Release|Any CPU
		{73542355-EAAB-BC0C-C19F-7969DAC64001}.Debug|Any CPU.ActiveCfg = Debug|Any CPU
		{73542355-EAAB-BC0C-C19F-7969DAC64001}.Debug|Any CPU.Build.0 = Debug|Any CPU
		{73542355-EAAB-BC0C-C19F-7969DAC64001}.Release|Any CPU.ActiveCfg = Release|Any CPU
		{73542355-EAAB-BC0C-C19F-7969DAC64001}.Release|Any CPU.Build.0 = Release|Any CPU
		{1825E8C6-25E4-92BB-6B9A-48E18A24C612}.Debug|Any CPU.ActiveCfg = Debug|Any CPU
		{1825E8C6-25E4-92BB-6B9A-48E18A24C612}.Debug|Any CPU.Build.0 = Debug|Any CPU
		{1825E8C6-25E4-92BB-6B9A-48E18A24C612}.Release|Any CPU.ActiveCfg = Release|Any CPU
		{1825E8C6-25E4-92BB-6B9A-48E18A24C612}.Release|Any CPU.Build.0 = Release|Any CPU
		{BA382FC1-D2DE-0A3D-2884-0A590F08D709}.Debug|Any CPU.ActiveCfg = Debug|Any CPU
		{BA382FC1-D2DE-0A3D-2884-0A590F08D709}.Debug|Any CPU.Build.0 = Debug|Any CPU
		{BA382FC1-D2DE-0A3D-2884-0A590F08D709}.Release|Any CPU.ActiveCfg = Release|Any CPU
		{BA382FC1-D2DE-0A3D-2884-0A590F08D709}.Release|Any CPU.Build.0 = Release|Any CPU
		{415D57C0-EC6D-CEA1-100F-8BBB7A230AFB}.Debug|Any CPU.ActiveCfg = Debug|Any CPU
		{415D57C0-EC6D-CEA1-100F-8BBB7A230AFB}.Debug|Any CPU.Build.0 = Debug|Any CPU
		{415D57C0-EC6D-CEA1-100F-8BBB7A230AFB}.Release|Any CPU.ActiveCfg = Release|Any CPU
		{415D57C0-EC6D-CEA1-100F-8BBB7A230AFB}.Release|Any CPU.Build.0 = Release|Any CPU
		{367E1D0A-4718-A84C-25FC-565C977FF07B}.Debug|Any CPU.ActiveCfg = Debug|Any CPU
		{367E1D0A-4718-A84C-25FC-565C977FF07B}.Debug|Any CPU.Build.0 = Debug|Any CPU
		{367E1D0A-4718-A84C-25FC-565C977FF07B}.Release|Any CPU.ActiveCfg = Release|Any CPU
		{367E1D0A-4718-A84C-25FC-565C977FF07B}.Release|Any CPU.Build.0 = Release|Any CPU
		{929317F9-8DDD-8317-AC57-44D5352553B7}.Debug|Any CPU.ActiveCfg = Debug|Any CPU
		{929317F9-8DDD-8317-AC57-44D5352553B7}.Debug|Any CPU.Build.0 = Debug|Any CPU
		{929317F9-8DDD-8317-AC57-44D5352553B7}.Release|Any CPU.ActiveCfg = Release|Any CPU
		{929317F9-8DDD-8317-AC57-44D5352553B7}.Release|Any CPU.Build.0 = Release|Any CPU
		{0642B7B1-AF1D-17FC-4A40-A49617E6DD2D}.Debug|Any CPU.ActiveCfg = Debug|Any CPU
		{0642B7B1-AF1D-17FC-4A40-A49617E6DD2D}.Debug|Any CPU.Build.0 = Debug|Any CPU
		{0642B7B1-AF1D-17FC-4A40-A49617E6DD2D}.Release|Any CPU.ActiveCfg = Release|Any CPU
		{0642B7B1-AF1D-17FC-4A40-A49617E6DD2D}.Release|Any CPU.Build.0 = Release|Any CPU
		{0E60D71B-265F-265D-93F1-7C559224E665}.Debug|Any CPU.ActiveCfg = Debug|Any CPU
		{0E60D71B-265F-265D-93F1-7C559224E665}.Debug|Any CPU.Build.0 = Debug|Any CPU
		{0E60D71B-265F-265D-93F1-7C559224E665}.Release|Any CPU.ActiveCfg = Release|Any CPU
		{0E60D71B-265F-265D-93F1-7C559224E665}.Release|Any CPU.Build.0 = Release|Any CPU
		{EA270288-155B-4539-9B9F-C39E6C6333DB}.Debug|Any CPU.ActiveCfg = Debug|Any CPU
		{EA270288-155B-4539-9B9F-C39E6C6333DB}.Debug|Any CPU.Build.0 = Debug|Any CPU
		{EA270288-155B-4539-9B9F-C39E6C6333DB}.Release|Any CPU.ActiveCfg = Release|Any CPU
		{EA270288-155B-4539-9B9F-C39E6C6333DB}.Release|Any CPU.Build.0 = Release|Any CPU
		{E715F76C-E3FB-F727-EA72-FFD55566E918}.Debug|Any CPU.ActiveCfg = Debug|Any CPU
		{E715F76C-E3FB-F727-EA72-FFD55566E918}.Debug|Any CPU.Build.0 = Debug|Any CPU
		{E715F76C-E3FB-F727-EA72-FFD55566E918}.Release|Any CPU.ActiveCfg = Release|Any CPU
		{E715F76C-E3FB-F727-EA72-FFD55566E918}.Release|Any CPU.Build.0 = Release|Any CPU
		{C7F2AA39-8715-2182-A5B9-04D5255B8DC4}.Debug|Any CPU.ActiveCfg = Debug|Any CPU
		{C7F2AA39-8715-2182-A5B9-04D5255B8DC4}.Debug|Any CPU.Build.0 = Debug|Any CPU
		{C7F2AA39-8715-2182-A5B9-04D5255B8DC4}.Release|Any CPU.ActiveCfg = Release|Any CPU
		{C7F2AA39-8715-2182-A5B9-04D5255B8DC4}.Release|Any CPU.Build.0 = Release|Any CPU
		{9855CC16-D067-BCB8-AF14-6E34FFC2F130}.Debug|Any CPU.ActiveCfg = Debug|Any CPU
		{9855CC16-D067-BCB8-AF14-6E34FFC2F130}.Debug|Any CPU.Build.0 = Debug|Any CPU
		{9855CC16-D067-BCB8-AF14-6E34FFC2F130}.Release|Any CPU.ActiveCfg = Release|Any CPU
		{9855CC16-D067-BCB8-AF14-6E34FFC2F130}.Release|Any CPU.Build.0 = Release|Any CPU
		{EDCF46A2-33F1-D1F3-A351-67817635B793}.Debug|Any CPU.ActiveCfg = Debug|Any CPU
		{EDCF46A2-33F1-D1F3-A351-67817635B793}.Debug|Any CPU.Build.0 = Debug|Any CPU
		{EDCF46A2-33F1-D1F3-A351-67817635B793}.Release|Any CPU.ActiveCfg = Release|Any CPU
		{EDCF46A2-33F1-D1F3-A351-67817635B793}.Release|Any CPU.Build.0 = Release|Any CPU
		{800F5511-ACCC-BE87-982D-BA3AC32F1A57}.Debug|Any CPU.ActiveCfg = Debug|Any CPU
		{800F5511-ACCC-BE87-982D-BA3AC32F1A57}.Debug|Any CPU.Build.0 = Debug|Any CPU
		{800F5511-ACCC-BE87-982D-BA3AC32F1A57}.Release|Any CPU.ActiveCfg = Release|Any CPU
		{800F5511-ACCC-BE87-982D-BA3AC32F1A57}.Release|Any CPU.Build.0 = Release|Any CPU
		{CF49BCFF-1B1E-785E-8769-38E25CB887C1}.Debug|Any CPU.ActiveCfg = Debug|Any CPU
		{CF49BCFF-1B1E-785E-8769-38E25CB887C1}.Debug|Any CPU.Build.0 = Debug|Any CPU
		{CF49BCFF-1B1E-785E-8769-38E25CB887C1}.Release|Any CPU.ActiveCfg = Release|Any CPU
		{CF49BCFF-1B1E-785E-8769-38E25CB887C1}.Release|Any CPU.Build.0 = Release|Any CPU
		{1FFCE938-C96F-F327-67B2-EB9CE7DC2486}.Debug|Any CPU.ActiveCfg = Debug|Any CPU
		{1FFCE938-C96F-F327-67B2-EB9CE7DC2486}.Debug|Any CPU.Build.0 = Debug|Any CPU
		{1FFCE938-C96F-F327-67B2-EB9CE7DC2486}.Release|Any CPU.ActiveCfg = Release|Any CPU
		{1FFCE938-C96F-F327-67B2-EB9CE7DC2486}.Release|Any CPU.Build.0 = Release|Any CPU
		{D4AFB388-B2F2-5277-CFD9-F49549751431}.Debug|Any CPU.ActiveCfg = Debug|Any CPU
		{D4AFB388-B2F2-5277-CFD9-F49549751431}.Debug|Any CPU.Build.0 = Debug|Any CPU
		{D4AFB388-B2F2-5277-CFD9-F49549751431}.Release|Any CPU.ActiveCfg = Release|Any CPU
		{D4AFB388-B2F2-5277-CFD9-F49549751431}.Release|Any CPU.Build.0 = Release|Any CPU
		{7C5F3D23-1791-6A4B-8052-20BB06AF9121}.Debug|Any CPU.ActiveCfg = Debug|Any CPU
		{7C5F3D23-1791-6A4B-8052-20BB06AF9121}.Debug|Any CPU.Build.0 = Debug|Any CPU
		{7C5F3D23-1791-6A4B-8052-20BB06AF9121}.Release|Any CPU.ActiveCfg = Release|Any CPU
		{7C5F3D23-1791-6A4B-8052-20BB06AF9121}.Release|Any CPU.Build.0 = Release|Any CPU
		{77A267D9-87C1-9D65-54AF-8ABCAFD2A796}.Debug|Any CPU.ActiveCfg = Debug|Any CPU
		{77A267D9-87C1-9D65-54AF-8ABCAFD2A796}.Debug|Any CPU.Build.0 = Debug|Any CPU
		{77A267D9-87C1-9D65-54AF-8ABCAFD2A796}.Release|Any CPU.ActiveCfg = Release|Any CPU
		{77A267D9-87C1-9D65-54AF-8ABCAFD2A796}.Release|Any CPU.Build.0 = Release|Any CPU
		{73187048-9C36-8FD1-EE2A-7758832B8EE3}.Debug|Any CPU.ActiveCfg = Debug|Any CPU
		{73187048-9C36-8FD1-EE2A-7758832B8EE3}.Debug|Any CPU.Build.0 = Debug|Any CPU
		{73187048-9C36-8FD1-EE2A-7758832B8EE3}.Release|Any CPU.ActiveCfg = Release|Any CPU
		{73187048-9C36-8FD1-EE2A-7758832B8EE3}.Release|Any CPU.Build.0 = Release|Any CPU
		{85F45075-237E-057B-1116-6E5FB80FF03A}.Debug|Any CPU.ActiveCfg = Debug|Any CPU
		{85F45075-237E-057B-1116-6E5FB80FF03A}.Debug|Any CPU.Build.0 = Debug|Any CPU
		{85F45075-237E-057B-1116-6E5FB80FF03A}.Release|Any CPU.ActiveCfg = Release|Any CPU
		{85F45075-237E-057B-1116-6E5FB80FF03A}.Release|Any CPU.Build.0 = Release|Any CPU
		{427B0B1D-30AF-2E36-71E4-C9FEB7C41E7F}.Debug|Any CPU.ActiveCfg = Debug|Any CPU
		{427B0B1D-30AF-2E36-71E4-C9FEB7C41E7F}.Debug|Any CPU.Build.0 = Debug|Any CPU
		{427B0B1D-30AF-2E36-71E4-C9FEB7C41E7F}.Release|Any CPU.ActiveCfg = Release|Any CPU
		{427B0B1D-30AF-2E36-71E4-C9FEB7C41E7F}.Release|Any CPU.Build.0 = Release|Any CPU

	EndGlobalSection
	GlobalSection(SolutionProperties) = preSolution
		HideSolutionNode = FALSE
	EndGlobalSection
EndGlobal
